
Microsoft Visual Studio Solution File, Format Version 12.00
# Visual Studio Version 17
VisualStudioVersion = 17.6.33829.357
MinimumVisualStudioVersion = 10.0.40219.1
Project("{FAE04EC0-301F-11D3-BF4B-00C04F79EFBC}") = "Lab_3project", "Lab_3project.csproj", "{C308650F-DFC9-4550-99A2-EC97BB6E6FA7}"
EndProject
Global
	GlobalSection(SolutionConfigurationPlatforms) = preSolution
		Debug|Any CPU = Debug|Any CPU
		Release|Any CPU = Release|Any CPU
	EndGlobalSection
	GlobalSection(ProjectConfigurationPlatforms) = postSolution
		{C308650F-DFC9-4550-99A2-EC97BB6E6FA7}.Debug|Any CPU.ActiveCfg = Debug|Any CPU
		{C308650F-DFC9-4550-99A2-EC97BB6E6FA7}.Debug|Any CPU.Build.0 = Debug|Any CPU
		{C308650F-DFC9-4550-99A2-EC97BB6E6FA7}.Release|Any CPU.ActiveCfg = Release|Any CPU
		{C308650F-DFC9-4550-99A2-EC97BB6E6FA7}.Release|Any CPU.Build.0 = Release|Any CPU
	EndGlobalSection
	GlobalSection(SolutionProperties) = preSolution
		HideSolutionNode = FALSE
	EndGlobalSection
	GlobalSection(ExtensibilityGlobals) = postSolution
		SolutionGuid = {8FF4FC94-1A67-4380-B16A-6DED663300BA}
	EndGlobalSection
EndGlobal
